
Microsoft Visual Studio Solution File, Format Version 12.00
# Visual Studio Version 17
VisualStudioVersion = 17.8.34511.84
MinimumVisualStudioVersion = 10.0.40219.1
Project("{FAE04EC0-301F-11D3-BF4B-00C04F79EFBC}") = "metodesbotiga1", "metodesbotiga1\metodesbotiga1.csproj", "{3F94AB8B-4B55-440F-BDE0-0431EE3A1438}"
EndProject
Global
	GlobalSection(SolutionConfigurationPlatforms) = preSolution
		Debug|Any CPU = Debug|Any CPU
		Release|Any CPU = Release|Any CPU
	EndGlobalSection
	GlobalSection(ProjectConfigurationPlatforms) = postSolution
		{3F94AB8B-4B55-440F-BDE0-0431EE3A1438}.Debug|Any CPU.ActiveCfg = Debug|Any CPU
		{3F94AB8B-4B55-440F-BDE0-0431EE3A1438}.Debug|Any CPU.Build.0 = Debug|Any CPU
		{3F94AB8B-4B55-440F-BDE0-0431EE3A1438}.Release|Any CPU.ActiveCfg = Release|Any CPU
		{3F94AB8B-4B55-440F-BDE0-0431EE3A1438}.Release|Any CPU.Build.0 = Release|Any CPU
	EndGlobalSection
	GlobalSection(SolutionProperties) = preSolution
		HideSolutionNode = FALSE
	EndGlobalSection
	GlobalSection(ExtensibilityGlobals) = postSolution
		SolutionGuid = {EB760D81-A20F-4424-89D7-76BB5F782475}
	EndGlobalSection
EndGlobal
